
Microsoft Visual Studio Solution File, Format Version 12.00
# Visual Studio Version 16
VisualStudioVersion = 16.0.31205.134
MinimumVisualStudioVersion = 10.0.40219.1
Project("{FAE04EC0-301F-11D3-BF4B-00C04F79EFBC}") = "DevFitness.ConsoleApp", "DevFitness.ConsoleApp\DevFitness.ConsoleApp.csproj", "{2CEC4E06-95B4-40AE-ACD0-22CCD6847632}"
EndProject
Global
	GlobalSection(SolutionConfigurationPlatforms) = preSolution
		Debug|Any CPU = Debug|Any CPU
		Release|Any CPU = Release|Any CPU
	EndGlobalSection
	GlobalSection(ProjectConfigurationPlatforms) = postSolution
		{2CEC4E06-95B4-40AE-ACD0-22CCD6847632}.Debug|Any CPU.ActiveCfg = Debug|Any CPU
		{2CEC4E06-95B4-40AE-ACD0-22CCD6847632}.Debug|Any CPU.Build.0 = Debug|Any CPU
		{2CEC4E06-95B4-40AE-ACD0-22CCD6847632}.Release|Any CPU.ActiveCfg = Release|Any CPU
		{2CEC4E06-95B4-40AE-ACD0-22CCD6847632}.Release|Any CPU.Build.0 = Release|Any CPU
	EndGlobalSection
	GlobalSection(SolutionProperties) = preSolution
		HideSolutionNode = FALSE
	EndGlobalSection
	GlobalSection(ExtensibilityGlobals) = postSolution
		SolutionGuid = {D0BE2584-9E03-4482-8E3B-610422A8B4FF}
	EndGlobalSection
EndGlobal
